{
  "version": 1,
  "skills": [
    {
      "name": "act-when-ready",
      "path": "skills/act-when-ready",
      "source": {
        "type": "github",
        "repo": "kpab/claude-fable-5-skills",
        "ref": "main",
        "subdir": "skills/act-when-ready",
        "commit": "345ca6a6393f7a07a60527ef6d1b400a3ca073ab"
      },
      "files": {
        "SKILL.md": "sha256:e872b07ef8c314cd29d5c2f6e6deaa6dad99158bdb484808a5f4c134573152ea"
      }
    },
    {
      "name": "autonomous-continuation",
      "path": "skills/autonomous-continuation",
      "source": {
        "type": "github",
        "repo": "kpab/claude-fable-5-skills",
        "ref": "main",
        "subdir": "skills/autonomous-continuation",
        "commit": "345ca6a6393f7a07a60527ef6d1b400a3ca073ab"
      },
      "files": {
        "SKILL.md": "sha256:54fe84af8e47aa5cd6d01fcc9ee8fa4de161f02eedbf9c16d20824158a49a460"
      }
    },
    {
      "name": "effort-calibrator",
      "path": "skills/effort-calibrator",
      "source": {
        "type": "github",
        "repo": "kpab/claude-fable-5-skills",
        "ref": "main",
        "subdir": "skills/effort-calibrator",
        "commit": "345ca6a6393f7a07a60527ef6d1b400a3ca073ab"
      },
      "files": {
        "SKILL.md": "sha256:35f8901a0c2d858139f645cfed37abb2cd22257d6e823c5de10cac67340e9107"
      }
    },
    {
      "name": "grounded-progress",
      "path": "skills/grounded-progress",
      "source": {
        "type": "github",
        "repo": "kpab/claude-fable-5-skills",
        "ref": "main",
        "subdir": "skills/grounded-progress",
        "commit": "345ca6a6393f7a07a60527ef6d1b400a3ca073ab"
      },
      "files": {
        "SKILL.md": "sha256:76c539802fc5b0f2f3f65f282a30a789157739b9b259c252735c3624844827a9"
      }
    },
    {
      "name": "markdown-memory",
      "path": "skills/markdown-memory",
      "source": {
        "type": "github",
        "repo": "kpab/claude-fable-5-skills",
        "ref": "main",
        "subdir": "skills/markdown-memory",
        "commit": "345ca6a6393f7a07a60527ef6d1b400a3ca073ab"
      },
      "files": {
        "SKILL.md": "sha256:777906554143317022f5b612b5b2f9148338b2ace834a009375c0de892b0b1da"
      }
    },
    {
      "name": "no-gold-plating",
      "path": "skills/no-gold-plating",
      "source": {
        "type": "github",
        "repo": "kpab/claude-fable-5-skills",
        "ref": "main",
        "subdir": "skills/no-gold-plating",
        "commit": "345ca6a6393f7a07a60527ef6d1b400a3ca073ab"
      },
      "files": {
        "SKILL.md": "sha256:2ac5ea6cf646c9782f681f2127b4ff75bef95e0d06faff5d7ad6ea710b135508"
      }
    },
    {
      "name": "regrounding-summary",
      "path": "skills/regrounding-summary",
      "source": {
        "type": "github",
        "repo": "kpab/claude-fable-5-skills",
        "ref": "main",
        "subdir": "skills/regrounding-summary",
        "commit": "345ca6a6393f7a07a60527ef6d1b400a3ca073ab"
      },
      "files": {
        "SKILL.md": "sha256:fc3fa0fe26874f6d095bf0dff7a543a65f115b25b5ded4ac034e9a7e13d6723a"
      }
    },
    {
      "name": "scope-guard",
      "path": "skills/scope-guard",
      "source": {
        "type": "github",
        "repo": "kpab/claude-fable-5-skills",
        "ref": "main",
        "subdir": "skills/scope-guard",
        "commit": "345ca6a6393f7a07a60527ef6d1b400a3ca073ab"
      },
      "files": {
        "SKILL.md": "sha256:71140ea7d079eb09087dd2caf134d116d264fb9ae6f2dd9e92625383f622f78a"
      }
    },
    {
      "name": "skill-refactorer",
      "path": "skills/skill-refactorer",
      "source": {
        "type": "github",
        "repo": "kpab/claude-fable-5-skills",
        "ref": "main",
        "subdir": "skills/skill-refactorer",
        "commit": "345ca6a6393f7a07a60527ef6d1b400a3ca073ab"
      },
      "files": {
        "SKILL.md": "sha256:1569aa961ddd9dc563323758b31ee54554e3d93969d7b2605f6e5c241f65176c"
      }
    },
    {
      "name": "subagent-orchestration",
      "path": "skills/subagent-orchestration",
      "source": {
        "type": "github",
        "repo": "kpab/claude-fable-5-skills",
        "ref": "main",
        "subdir": "skills/subagent-orchestration",
        "commit": "345ca6a6393f7a07a60527ef6d1b400a3ca073ab"
      },
      "files": {
        "SKILL.md": "sha256:497fb9de9de6d8beedcb5ec07a74f0314a0de07feb449679966750aefd7b0ae7"
      }
    }
  ]
}
